
Microsoft Visual Studio Solution File, Format Version 12.00
# Visual Studio Version 17
VisualStudioVersion = 17.0.32014.148
MinimumVisualStudioVersion = 10.0.40219.1
Project("{FAE04EC0-301F-11D3-BF4B-00C04F79EFBC}") = "BlazorAndTailwind", "BlazorAndTailwind\BlazorAndTailwind.csproj", "{0131C58F-924B-4C99-B07C-5C048422B0F0}"
EndProject
Global
	GlobalSection(SolutionConfigurationPlatforms) = preSolution
		Debug|Any CPU = Debug|Any CPU
		Release|Any CPU = Release|Any CPU
	EndGlobalSection
	GlobalSection(ProjectConfigurationPlatforms) = postSolution
		{0131C58F-924B-4C99-B07C-5C048422B0F0}.Debug|Any CPU.ActiveCfg = Debug|Any CPU
		{0131C58F-924B-4C99-B07C-5C048422B0F0}.Debug|Any CPU.Build.0 = Debug|Any CPU
		{0131C58F-924B-4C99-B07C-5C048422B0F0}.Release|Any CPU.ActiveCfg = Release|Any CPU
		{0131C58F-924B-4C99-B07C-5C048422B0F0}.Release|Any CPU.Build.0 = Release|Any CPU
	EndGlobalSection
	GlobalSection(SolutionProperties) = preSolution
		HideSolutionNode = FALSE
	EndGlobalSection
	GlobalSection(ExtensibilityGlobals) = postSolution
		SolutionGuid = {219605C3-496E-4F1B-B60E-4DDD64EB9C87}
	EndGlobalSection
EndGlobal
